
Microsoft Visual Studio Solution File, Format Version 12.00
# Visual Studio 2013
VisualStudioVersion = 12.0.40629.0
MinimumVisualStudioVersion = 10.0.40219.1
Project("{FAE04EC0-301F-11D3-BF4B-00C04F79EFBC}") = "HCHSoft.Serialize", "HCHSoft.Serialize\HCHSoft.Serialize.csproj", "{6F772E2D-E353-425A-A254-5A49098DA5AD}"
EndProject
Project("{FAE04EC0-301F-11D3-BF4B-00C04F79EFBC}") = "HCHSoft.Log", "HCHSoft.Log\HCHSoft.Log.csproj", "{9B04C902-456F-466D-AAAB-CC58DB46C5EE}"
EndProject
Project("{FAE04EC0-301F-11D3-BF4B-00C04F79EFBC}") = "HCHSoft.Http", "HCHSoft.Http\HCHSoft.Http.csproj", "{88574F80-4FE7-49CE-BFC0-0B9C4EDF88BA}"
EndProject
Project("{FAE04EC0-301F-11D3-BF4B-00C04F79EFBC}") = "HCHSoft.WPF.MVVM", "HCHSoft.WPF.MVVM\HCHSoft.WPF.MVVM.csproj", "{5600DBAB-680C-4A81-A027-BE1A7B5E3D9E}"
EndProject
Project("{FAE04EC0-301F-11D3-BF4B-00C04F79EFBC}") = "HCHSoft.WPF.Visual", "HCHSoft.WPF.Visual\HCHSoft.WPF.Visual.csproj", "{6E822203-0B03-4D89-A58B-075BF50E14AE}"
EndProject
Global
	GlobalSection(SolutionConfigurationPlatforms) = preSolution
		Debug|Any CPU = Debug|Any CPU
		Release|Any CPU = Release|Any CPU
	EndGlobalSection
	GlobalSection(ProjectConfigurationPlatforms) = postSolution
		{6F772E2D-E353-425A-A254-5A49098DA5AD}.Debug|Any CPU.ActiveCfg = Debug|Any CPU
		{6F772E2D-E353-425A-A254-5A49098DA5AD}.Debug|Any CPU.Build.0 = Debug|Any CPU
		{6F772E2D-E353-425A-A254-5A49098DA5AD}.Release|Any CPU.ActiveCfg = Release|Any CPU
		{6F772E2D-E353-425A-A254-5A49098DA5AD}.Release|Any CPU.Build.0 = Release|Any CPU
		{9B04C902-456F-466D-AAAB-CC58DB46C5EE}.Debug|Any CPU.ActiveCfg = Debug|Any CPU
		{9B04C902-456F-466D-AAAB-CC58DB46C5EE}.Debug|Any CPU.Build.0 = Debug|Any CPU
		{9B04C902-456F-466D-AAAB-CC58DB46C5EE}.Release|Any CPU.ActiveCfg = Release|Any CPU
		{9B04C902-456F-466D-AAAB-CC58DB46C5EE}.Release|Any CPU.Build.0 = Release|Any CPU
		{88574F80-4FE7-49CE-BFC0-0B9C4EDF88BA}.Debug|Any CPU.ActiveCfg = Debug|Any CPU
		{88574F80-4FE7-49CE-BFC0-0B9C4EDF88BA}.Debug|Any CPU.Build.0 = Debug|Any CPU
		{88574F80-4FE7-49CE-BFC0-0B9C4EDF88BA}.Release|Any CPU.ActiveCfg = Release|Any CPU
		{88574F80-4FE7-49CE-BFC0-0B9C4EDF88BA}.Release|Any CPU.Build.0 = Release|Any CPU
		{5600DBAB-680C-4A81-A027-BE1A7B5E3D9E}.Debug|Any CPU.ActiveCfg = Debug|Any CPU
		{5600DBAB-680C-4A81-A027-BE1A7B5E3D9E}.Debug|Any CPU.Build.0 = Debug|Any CPU
		{5600DBAB-680C-4A81-A027-BE1A7B5E3D9E}.Release|Any CPU.ActiveCfg = Release|Any CPU
		{5600DBAB-680C-4A81-A027-BE1A7B5E3D9E}.Release|Any CPU.Build.0 = Release|Any CPU
		{6E822203-0B03-4D89-A58B-075BF50E14AE}.Debug|Any CPU.ActiveCfg = Debug|Any CPU
		{6E822203-0B03-4D89-A58B-075BF50E14AE}.Debug|Any CPU.Build.0 = Debug|Any CPU
		{6E822203-0B03-4D89-A58B-075BF50E14AE}.Release|Any CPU.ActiveCfg = Release|Any CPU
		{6E822203-0B03-4D89-A58B-075BF50E14AE}.Release|Any CPU.Build.0 = Release|Any CPU
	EndGlobalSection
	GlobalSection(SolutionProperties) = preSolution
		HideSolutionNode = FALSE
	EndGlobalSection
EndGlobal
